
Microsoft Visual Studio Solution File, Format Version 12.00
# Visual Studio Version 17
VisualStudioVersion = 17.13.35723.152 d17.13
MinimumVisualStudioVersion = 10.0.40219.1
Project("{FAE04EC0-301F-11D3-BF4B-00C04F79EFBC}") = "Bilgi Yarismasi", "Bilgi Yarismasi\Bilgi Yarismasi.csproj", "{81F1A4DC-D541-495D-9977-77236CD43694}"
EndProject
Global
	GlobalSection(SolutionConfigurationPlatforms) = preSolution
		Debug|Any CPU = Debug|Any CPU
		Release|Any CPU = Release|Any CPU
	EndGlobalSection
	GlobalSection(ProjectConfigurationPlatforms) = postSolution
		{81F1A4DC-D541-495D-9977-77236CD43694}.Debug|Any CPU.ActiveCfg = Debug|Any CPU
		{81F1A4DC-D541-495D-9977-77236CD43694}.Debug|Any CPU.Build.0 = Debug|Any CPU
		{81F1A4DC-D541-495D-9977-77236CD43694}.Release|Any CPU.ActiveCfg = Release|Any CPU
		{81F1A4DC-D541-495D-9977-77236CD43694}.Release|Any CPU.Build.0 = Release|Any CPU
	EndGlobalSection
	GlobalSection(SolutionProperties) = preSolution
		HideSolutionNode = FALSE
	EndGlobalSection
	GlobalSection(ExtensibilityGlobals) = postSolution
		SolutionGuid = {781B5C28-DFC4-4C67-AF5E-C6B8AF4F6541}
	EndGlobalSection
EndGlobal
