
Microsoft Visual Studio Solution File, Format Version 12.00
# Visual Studio Version 17
VisualStudioVersion = 17.12.35424.110
MinimumVisualStudioVersion = 10.0.40219.1
Project("{FAE04EC0-301F-11D3-BF4B-00C04F79EFBC}") = "c#studies", "c#studies\c#studies.csproj", "{E4699D5A-3068-4C08-AC34-D56B3F9CAA05}"
EndProject
Project("{FAE04EC0-301F-11D3-BF4B-00C04F79EFBC}") = "MenüsStrip", "MenüsStrip\MenüsStrip.csproj", "{2D24A16A-750C-4ED3-8362-FF751D9D1D73}"
EndProject
Global
	GlobalSection(SolutionConfigurationPlatforms) = preSolution
		Debug|Any CPU = Debug|Any CPU
		Release|Any CPU = Release|Any CPU
	EndGlobalSection
	GlobalSection(ProjectConfigurationPlatforms) = postSolution
		{E4699D5A-3068-4C08-AC34-D56B3F9CAA05}.Debug|Any CPU.ActiveCfg = Debug|Any CPU
		{E4699D5A-3068-4C08-AC34-D56B3F9CAA05}.Debug|Any CPU.Build.0 = Debug|Any CPU
		{E4699D5A-3068-4C08-AC34-D56B3F9CAA05}.Release|Any CPU.ActiveCfg = Release|Any CPU
		{E4699D5A-3068-4C08-AC34-D56B3F9CAA05}.Release|Any CPU.Build.0 = Release|Any CPU
		{2D24A16A-750C-4ED3-8362-FF751D9D1D73}.Debug|Any CPU.ActiveCfg = Debug|Any CPU
		{2D24A16A-750C-4ED3-8362-FF751D9D1D73}.Debug|Any CPU.Build.0 = Debug|Any CPU
		{2D24A16A-750C-4ED3-8362-FF751D9D1D73}.Release|Any CPU.ActiveCfg = Release|Any CPU
		{2D24A16A-750C-4ED3-8362-FF751D9D1D73}.Release|Any CPU.Build.0 = Release|Any CPU
	EndGlobalSection
	GlobalSection(SolutionProperties) = preSolution
		HideSolutionNode = FALSE
	EndGlobalSection
	GlobalSection(ExtensibilityGlobals) = postSolution
		SolutionGuid = {02A76EB5-58D4-4984-89F9-2353A5F1EDB7}
	EndGlobalSection
EndGlobal
