
Microsoft Visual Studio Solution File, Format Version 12.00
# Visual Studio Version 17
VisualStudioVersion = 17.13.35723.152 d17.13
MinimumVisualStudioVersion = 10.0.40219.1
Project("{FAE04EC0-301F-11D3-BF4B-00C04F79EFBC}") = "Sql_Project_ SatisDatabase", "Sql_Project_ SatisDatabase\Sql_Project_ SatisDatabase.csproj", "{C60DE7B7-89FA-4195-ABEB-5853DEABA902}"
EndProject
Global
	GlobalSection(SolutionConfigurationPlatforms) = preSolution
		Debug|Any CPU = Debug|Any CPU
		Release|Any CPU = Release|Any CPU
	EndGlobalSection
	GlobalSection(ProjectConfigurationPlatforms) = postSolution
		{C60DE7B7-89FA-4195-ABEB-5853DEABA902}.Debug|Any CPU.ActiveCfg = Debug|Any CPU
		{C60DE7B7-89FA-4195-ABEB-5853DEABA902}.Debug|Any CPU.Build.0 = Debug|Any CPU
		{C60DE7B7-89FA-4195-ABEB-5853DEABA902}.Release|Any CPU.ActiveCfg = Release|Any CPU
		{C60DE7B7-89FA-4195-ABEB-5853DEABA902}.Release|Any CPU.Build.0 = Release|Any CPU
	EndGlobalSection
	GlobalSection(SolutionProperties) = preSolution
		HideSolutionNode = FALSE
	EndGlobalSection
	GlobalSection(ExtensibilityGlobals) = postSolution
		SolutionGuid = {16EEAA29-5417-4444-851A-2CA066E53533}
	EndGlobalSection
EndGlobal
