
Microsoft Visual Studio Solution File, Format Version 12.00
# Visual Studio Version 17
VisualStudioVersion = 17.13.35723.152 d17.13
MinimumVisualStudioVersion = 10.0.40219.1
Project("{FAE04EC0-301F-11D3-BF4B-00C04F79EFBC}") = "Timer", "Timer\Timer.csproj", "{936C604A-0AC8-4E78-8543-AF99403EDBC5}"
EndProject
Global
	GlobalSection(SolutionConfigurationPlatforms) = preSolution
		Debug|Any CPU = Debug|Any CPU
		Release|Any CPU = Release|Any CPU
	EndGlobalSection
	GlobalSection(ProjectConfigurationPlatforms) = postSolution
		{936C604A-0AC8-4E78-8543-AF99403EDBC5}.Debug|Any CPU.ActiveCfg = Debug|Any CPU
		{936C604A-0AC8-4E78-8543-AF99403EDBC5}.Debug|Any CPU.Build.0 = Debug|Any CPU
		{936C604A-0AC8-4E78-8543-AF99403EDBC5}.Release|Any CPU.ActiveCfg = Release|Any CPU
		{936C604A-0AC8-4E78-8543-AF99403EDBC5}.Release|Any CPU.Build.0 = Release|Any CPU
	EndGlobalSection
	GlobalSection(SolutionProperties) = preSolution
		HideSolutionNode = FALSE
	EndGlobalSection
	GlobalSection(ExtensibilityGlobals) = postSolution
		SolutionGuid = {BCF93609-5F67-4DA1-8054-1F86118B8ABE}
	EndGlobalSection
EndGlobal
